
Microsoft Visual Studio Solution File, Format Version 12.00
# Visual Studio Version 17
VisualStudioVersion = 17.0.31903.59
MinimumVisualStudioVersion = 10.0.40219.1
Project("{2150E333-8FDC-42A3-9474-1A3956D46DE8}") = "src", "src", "{6C1190C4-4B1E-4A13-BF0F-CE85682E444B}"
EndProject
Project("{FAE04EC0-301F-11D3-BF4B-00C04F79EFBC}") = "DoorBird.API", "src\DoorBird.API\DoorBird.API.csproj", "{6DAACAF8-A4EF-4D17-9FDC-CC085F711CA6}"
EndProject
Project("{FAE04EC0-301F-11D3-BF4B-00C04F79EFBC}") = "DoorBird.App", "src\DoorBird.App\DoorBird.App.csproj", "{641A0D74-9063-44F3-A062-1CC0DB18166D}"
EndProject
Global
	GlobalSection(SolutionConfigurationPlatforms) = preSolution
		Debug|Any CPU = Debug|Any CPU
		Release|Any CPU = Release|Any CPU
	EndGlobalSection
	GlobalSection(SolutionProperties) = preSolution
		HideSolutionNode = FALSE
	EndGlobalSection
	GlobalSection(ProjectConfigurationPlatforms) = postSolution
		{6DAACAF8-A4EF-4D17-9FDC-CC085F711CA6}.Debug|Any CPU.ActiveCfg = Debug|Any CPU
		{6DAACAF8-A4EF-4D17-9FDC-CC085F711CA6}.Debug|Any CPU.Build.0 = Debug|Any CPU
		{6DAACAF8-A4EF-4D17-9FDC-CC085F711CA6}.Release|Any CPU.ActiveCfg = Release|Any CPU
		{6DAACAF8-A4EF-4D17-9FDC-CC085F711CA6}.Release|Any CPU.Build.0 = Release|Any CPU
		{641A0D74-9063-44F3-A062-1CC0DB18166D}.Debug|Any CPU.ActiveCfg = Debug|Any CPU
		{641A0D74-9063-44F3-A062-1CC0DB18166D}.Debug|Any CPU.Build.0 = Debug|Any CPU
		{641A0D74-9063-44F3-A062-1CC0DB18166D}.Release|Any CPU.ActiveCfg = Release|Any CPU
		{641A0D74-9063-44F3-A062-1CC0DB18166D}.Release|Any CPU.Build.0 = Release|Any CPU
	EndGlobalSection
	GlobalSection(NestedProjects) = preSolution
		{6DAACAF8-A4EF-4D17-9FDC-CC085F711CA6} = {6C1190C4-4B1E-4A13-BF0F-CE85682E444B}
		{641A0D74-9063-44F3-A062-1CC0DB18166D} = {6C1190C4-4B1E-4A13-BF0F-CE85682E444B}
	EndGlobalSection
EndGlobal
